
Microsoft Visual Studio Solution File, Format Version 12.00
# Visual Studio Version 17
VisualStudioVersion = 17.2.32602.215
MinimumVisualStudioVersion = 10.0.40219.1
Project("{FAE04EC0-301F-11D3-BF4B-00C04F79EFBC}") = "DZ_Class_", "DZ_Class_\DZ_Class_.csproj", "{C1C2594D-4C5C-4656-86B8-9355ABAAF302}"
EndProject
Global
	GlobalSection(SolutionConfigurationPlatforms) = preSolution
		Debug|Any CPU = Debug|Any CPU
		Release|Any CPU = Release|Any CPU
	EndGlobalSection
	GlobalSection(ProjectConfigurationPlatforms) = postSolution
		{C1C2594D-4C5C-4656-86B8-9355ABAAF302}.Debug|Any CPU.ActiveCfg = Debug|Any CPU
		{C1C2594D-4C5C-4656-86B8-9355ABAAF302}.Debug|Any CPU.Build.0 = Debug|Any CPU
		{C1C2594D-4C5C-4656-86B8-9355ABAAF302}.Release|Any CPU.ActiveCfg = Release|Any CPU
		{C1C2594D-4C5C-4656-86B8-9355ABAAF302}.Release|Any CPU.Build.0 = Release|Any CPU
	EndGlobalSection
	GlobalSection(SolutionProperties) = preSolution
		HideSolutionNode = FALSE
	EndGlobalSection
	GlobalSection(ExtensibilityGlobals) = postSolution
		SolutionGuid = {8704B945-B475-4A8D-88A4-98AE2E89FC60}
	EndGlobalSection
EndGlobal
